
Microsoft Visual Studio Solution File, Format Version 12.00
# Visual Studio Version 16
VisualStudioVersion = 16.0.29009.5
MinimumVisualStudioVersion = 10.0.40219.1
Project("{FAE04EC0-301F-11D3-BF4B-00C04F79EFBC}") = "DAL", "DAL\DAL.csproj", "{81326256-141F-447B-A3F2-3F297C5EE278}"
EndProject
Project("{FAE04EC0-301F-11D3-BF4B-00C04F79EFBC}") = "WebApi", "WebApi\WebApi.csproj", "{DD610919-76CD-4FBD-8C8F-828111BDA5B4}"
EndProject
Project("{FAE04EC0-301F-11D3-BF4B-00C04F79EFBC}") = "BLL", "BLL\BLL.csproj", "{5190A280-0E48-437B-A2B4-4D3CFEE86E43}"
EndProject
Global
	GlobalSection(SolutionConfigurationPlatforms) = preSolution
		Debug|Any CPU = Debug|Any CPU
		Release|Any CPU = Release|Any CPU
	EndGlobalSection
	GlobalSection(ProjectConfigurationPlatforms) = postSolution
		{81326256-141F-447B-A3F2-3F297C5EE278}.Debug|Any CPU.ActiveCfg = Debug|Any CPU
		{81326256-141F-447B-A3F2-3F297C5EE278}.Debug|Any CPU.Build.0 = Debug|Any CPU
		{81326256-141F-447B-A3F2-3F297C5EE278}.Release|Any CPU.ActiveCfg = Release|Any CPU
		{81326256-141F-447B-A3F2-3F297C5EE278}.Release|Any CPU.Build.0 = Release|Any CPU
		{DD610919-76CD-4FBD-8C8F-828111BDA5B4}.Debug|Any CPU.ActiveCfg = Debug|Any CPU
		{DD610919-76CD-4FBD-8C8F-828111BDA5B4}.Debug|Any CPU.Build.0 = Debug|Any CPU
		{DD610919-76CD-4FBD-8C8F-828111BDA5B4}.Release|Any CPU.ActiveCfg = Release|Any CPU
		{DD610919-76CD-4FBD-8C8F-828111BDA5B4}.Release|Any CPU.Build.0 = Release|Any CPU
		{5190A280-0E48-437B-A2B4-4D3CFEE86E43}.Debug|Any CPU.ActiveCfg = Debug|Any CPU
		{5190A280-0E48-437B-A2B4-4D3CFEE86E43}.Debug|Any CPU.Build.0 = Debug|Any CPU
		{5190A280-0E48-437B-A2B4-4D3CFEE86E43}.Release|Any CPU.ActiveCfg = Release|Any CPU
		{5190A280-0E48-437B-A2B4-4D3CFEE86E43}.Release|Any CPU.Build.0 = Release|Any CPU
	EndGlobalSection
	GlobalSection(SolutionProperties) = preSolution
		HideSolutionNode = FALSE
	EndGlobalSection
	GlobalSection(ExtensibilityGlobals) = postSolution
		SolutionGuid = {65C27053-54FF-4E04-97B2-CCD9BB84DEA6}
	EndGlobalSection
EndGlobal
